Microsoft Visual Studio Solution File, Format Version 11.00
# Visual Studio 2010
Project("{2150E333-8FDC-42A3-9474-1A3956D46DE8}") = "Demos", "Demos", "{CD978CDD-D84A-4166-9224-8F605C3E401D}"
EndProject
Project("{2150E333-8FDC-42A3-9474-1A3956D46DE8}") = "Core", "Core", "{37E1F653-4BC8-45B0-A929-85A9DCB5A20D}"
EndProject
Project("{2150E333-8FDC-42A3-9474-1A3956D46DE8}") = "Tools", "Tools", "{6493D905-E30D-4807-8756-49232E3889CF}"
EndProject
Project("{8BC9CEB8-8B4A-11D0-8D11-00A0C91BC942}") = "MaxExporter", "MaxExporter\MaxExporter.vcxproj", "{91FE3C11-8341-4F84-B63C-39AB3529A253}"
	ProjectSection(ProjectDependencies) = postProject
		{1201FB93-5F9A-48BC-8E32-5420881715A7} = {1201FB93-5F9A-48BC-8E32-5420881715A7}
	EndProjectSection
EndProject
Project("{8BC9CEB8-8B4A-11D0-8D11-00A0C91BC942}") = "DXUTCore", "Demo\DXUT\Core\DXUTCore.vcxproj", "{E0CF097B-F22D-465B-A884-D89E55BD7ECD}"
EndProject
Project("{8BC9CEB8-8B4A-11D0-8D11-00A0C91BC942}") = "DXUTOptional", "Demo\DXUT\Optional\DXUTOptional.vcxproj", "{57C58469-7CDA-41A6-B9FD-B62760D5F890}"
EndProject
Project("{8BC9CEB8-8B4A-11D0-8D11-00A0C91BC942}") = "PerfSpy", "PerfSpy\PerfSpy.vcxproj", "{6DAAF392-7645-4124-AABB-A5ED5D96E08B}"
	ProjectSection(ProjectDependencies) = postProject
		{EC4AADA5-ACFC-4B24-9F29-EEBCFCC2F45E} = {EC4AADA5-ACFC-4B24-9F29-EEBCFCC2F45E}
	EndProjectSection
EndProject
Project("{8BC9CEB8-8B4A-11D0-8D11-00A0C91BC942}") = "Performance", "Performance\Performance.vcxproj", "{EC4AADA5-ACFC-4B24-9F29-EEBCFCC2F45E}"
EndProject
Project("{8BC9CEB8-8B4A-11D0-8D11-00A0C91BC942}") = "SplineTest", "SplineTest\SplineTest.vcxproj", "{FD120204-3846-413A-915B-B638D61303EE}"
EndProject
Project("{8BC9CEB8-8B4A-11D0-8D11-00A0C91BC942}") = "Demo", "Demo\Basic\Demo.vcxproj", "{D3D09101-96D0-4629-88B8-122C0256058C}"
	ProjectSection(ProjectDependencies) = postProject
		{1A30BF15-A74C-48B6-9754-7953283210B7} = {1A30BF15-A74C-48B6-9754-7953283210B7}
		{F0F1EB26-0F64-4657-8BE9-37AE14F6DFD2} = {F0F1EB26-0F64-4657-8BE9-37AE14F6DFD2}
	EndProjectSection
EndProject
Project("{8BC9CEB8-8B4A-11D0-8D11-00A0C91BC942}") = "Logger", "Demo\Logger\LoggerDemo.vcxproj", "{49648A71-0C31-4BF6-B93E-90FA1B689FCF}"
	ProjectSection(ProjectDependencies) = postProject
		{1A30BF15-A74C-48B6-9754-7953283210B7} = {1A30BF15-A74C-48B6-9754-7953283210B7}
	EndProjectSection
EndProject
Project("{8BC9CEB8-8B4A-11D0-8D11-00A0C91BC942}") = "Multithread", "Demo\Multithread\MultithreadDemo.vcxproj", "{7AE29659-0695-48FE-AEA0-29E24236FEE0}"
	ProjectSection(ProjectDependencies) = postProject
		{1A30BF15-A74C-48B6-9754-7953283210B7} = {1A30BF15-A74C-48B6-9754-7953283210B7}
		{F0F1EB26-0F64-4657-8BE9-37AE14F6DFD2} = {F0F1EB26-0F64-4657-8BE9-37AE14F6DFD2}
	EndProjectSection
EndProject
Project("{8BC9CEB8-8B4A-11D0-8D11-00A0C91BC942}") = "Grandpa", "Grandpa\Grandpa.vcxproj", "{1A30BF15-A74C-48B6-9754-7953283210B7}"
	ProjectSection(ProjectDependencies) = postProject
		{1201FB93-5F9A-48BC-8E32-5420881715A7} = {1201FB93-5F9A-48BC-8E32-5420881715A7}
		{EC4AADA5-ACFC-4B24-9F29-EEBCFCC2F45E} = {EC4AADA5-ACFC-4B24-9F29-EEBCFCC2F45E}
	EndProjectSection
EndProject
Project("{8BC9CEB8-8B4A-11D0-8D11-00A0C91BC942}") = "Viewer", "Viewer\Viewer.vcxproj", "{E2C3D01D-CE97-489C-BC30-CEAA70E72873}"
	ProjectSection(ProjectDependencies) = postProject
		{1A30BF15-A74C-48B6-9754-7953283210B7} = {1A30BF15-A74C-48B6-9754-7953283210B7}
		{F0F1EB26-0F64-4657-8BE9-37AE14F6DFD2} = {F0F1EB26-0F64-4657-8BE9-37AE14F6DFD2}
		{1201FB93-5F9A-48BC-8E32-5420881715A7} = {1201FB93-5F9A-48BC-8E32-5420881715A7}
		{EC4AADA5-ACFC-4B24-9F29-EEBCFCC2F45E} = {EC4AADA5-ACFC-4B24-9F29-EEBCFCC2F45E}
	EndProjectSection
EndProject
Project("{8BC9CEB8-8B4A-11D0-8D11-00A0C91BC942}") = "Camera", "Demo\Camera\CameraDemo.vcxproj", "{05B750AE-285E-44BB-BADB-8B500A5D5731}"
	ProjectSection(ProjectDependencies) = postProject
		{1A30BF15-A74C-48B6-9754-7953283210B7} = {1A30BF15-A74C-48B6-9754-7953283210B7}
		{F0F1EB26-0F64-4657-8BE9-37AE14F6DFD2} = {F0F1EB26-0F64-4657-8BE9-37AE14F6DFD2}
	EndProjectSection
EndProject
Project("{2150E333-8FDC-42A3-9474-1A3956D46DE8}") = "Base", "Base", "{C2EA8B21-A395-4B0C-AAFF-82F110350786}"
EndProject
Project("{8BC9CEB8-8B4A-11D0-8D11-00A0C91BC942}") = "Ik", "Demo\Ik\IkDemo.vcxproj", "{639A138C-1AC1-4985-9D92-A5568B04AF90}"
	ProjectSection(ProjectDependencies) = postProject
		{1A30BF15-A74C-48B6-9754-7953283210B7} = {1A30BF15-A74C-48B6-9754-7953283210B7}
		{F0F1EB26-0F64-4657-8BE9-37AE14F6DFD2} = {F0F1EB26-0F64-4657-8BE9-37AE14F6DFD2}
	EndProjectSection
EndProject
Project("{8BC9CEB8-8B4A-11D0-8D11-00A0C91BC942}") = "Crowd", "Demo\Crowd\CrowdDemo.vcxproj", "{60D2A067-E291-4245-808A-126F15D13AA1}"
	ProjectSection(ProjectDependencies) = postProject
		{1A30BF15-A74C-48B6-9754-7953283210B7} = {1A30BF15-A74C-48B6-9754-7953283210B7}
		{F0F1EB26-0F64-4657-8BE9-37AE14F6DFD2} = {F0F1EB26-0F64-4657-8BE9-37AE14F6DFD2}
	EndProjectSection
EndProject
Project("{8BC9CEB8-8B4A-11D0-8D11-00A0C91BC942}") = "Kinect", "Demo\Kinect\KinectDemo.vcxproj", "{E8C8DAB6-62A3-46E1-B85E-66F6D090F774}"
	ProjectSection(ProjectDependencies) = postProject
		{F0F1EB26-0F64-4657-8BE9-37AE14F6DFD2} = {F0F1EB26-0F64-4657-8BE9-37AE14F6DFD2}
	EndProjectSection
EndProject
Project("{8BC9CEB8-8B4A-11D0-8D11-00A0C91BC942}") = "Common", "Demo\Common\Common.vcxproj", "{F0F1EB26-0F64-4657-8BE9-37AE14F6DFD2}"
EndProject
Project("{8BC9CEB8-8B4A-11D0-8D11-00A0C91BC942}") = "SlimXml", "SlimXml\SlimXml.vcxproj", "{1201FB93-5F9A-48BC-8E32-5420881715A7}"
EndProject
Global
	GlobalSection(SolutionConfigurationPlatforms) = preSolution
		Debug_Max09|Win32 = Debug_Max09|Win32
		Debug_Max12|Win32 = Debug_Max12|Win32
		Debug_Max8|Win32 = Debug_Max8|Win32
		Debug_Max9|Win32 = Debug_Max9|Win32
		Debug_MultiByte|Win32 = Debug_MultiByte|Win32
		Debug_Unicode|Win32 = Debug_Unicode|Win32
		Debug|Win32 = Debug|Win32
		Release_Max09|Win32 = Release_Max09|Win32
		Release_Max12|Win32 = Release_Max12|Win32
		Release_Max8|Win32 = Release_Max8|Win32
		Release_Max9|Win32 = Release_Max9|Win32
		Release_MultiByte|Win32 = Release_MultiByte|Win32
		Release_profile|Win32 = Release_profile|Win32
		Release_Unicode|Win32 = Release_Unicode|Win32
		Release|Win32 = Release|Win32
	EndGlobalSection
	GlobalSection(ProjectConfigurationPlatforms) = postSolution
		{91FE3C11-8341-4F84-B63C-39AB3529A253}.Debug_Max09|Win32.ActiveCfg = Debug09|Win32
		{91FE3C11-8341-4F84-B63C-39AB3529A253}.Debug_Max09|Win32.Build.0 = Debug09|Win32
		{91FE3C11-8341-4F84-B63C-39AB3529A253}.Debug_Max12|Win32.ActiveCfg = Debug12|Win32
		{91FE3C11-8341-4F84-B63C-39AB3529A253}.Debug_Max12|Win32.Build.0 = Debug12|Win32
		{91FE3C11-8341-4F84-B63C-39AB3529A253}.Debug_Max8|Win32.ActiveCfg = Debug8|Win32
		{91FE3C11-8341-4F84-B63C-39AB3529A253}.Debug_Max8|Win32.Build.0 = Debug8|Win32
		{91FE3C11-8341-4F84-B63C-39AB3529A253}.Debug_Max9|Win32.ActiveCfg = Debug9|Win32
		{91FE3C11-8341-4F84-B63C-39AB3529A253}.Debug_Max9|Win32.Build.0 = Debug9|Win32
		{91FE3C11-8341-4F84-B63C-39AB3529A253}.Debug_MultiByte|Win32.ActiveCfg = Debug9|Win32
		{91FE3C11-8341-4F84-B63C-39AB3529A253}.Debug_Unicode|Win32.ActiveCfg = Debug9|Win32
		{91FE3C11-8341-4F84-B63C-39AB3529A253}.Debug|Win32.ActiveCfg = Debug8|Win32
		{91FE3C11-8341-4F84-B63C-39AB3529A253}.Release_Max09|Win32.ActiveCfg = Release09|Win32
		{91FE3C11-8341-4F84-B63C-39AB3529A253}.Release_Max09|Win32.Build.0 = Release09|Win32
		{91FE3C11-8341-4F84-B63C-39AB3529A253}.Release_Max12|Win32.ActiveCfg = Release12|Win32
		{91FE3C11-8341-4F84-B63C-39AB3529A253}.Release_Max12|Win32.Build.0 = Release12|Win32
		{91FE3C11-8341-4F84-B63C-39AB3529A253}.Release_Max8|Win32.ActiveCfg = Release8|Win32
		{91FE3C11-8341-4F84-B63C-39AB3529A253}.Release_Max8|Win32.Build.0 = Release8|Win32
		{91FE3C11-8341-4F84-B63C-39AB3529A253}.Release_Max9|Win32.ActiveCfg = Release9|Win32
		{91FE3C11-8341-4F84-B63C-39AB3529A253}.Release_Max9|Win32.Build.0 = Release9|Win32
		{91FE3C11-8341-4F84-B63C-39AB3529A253}.Release_MultiByte|Win32.ActiveCfg = Release9|Win32
		{91FE3C11-8341-4F84-B63C-39AB3529A253}.Release_profile|Win32.ActiveCfg = Release8|Win32
		{91FE3C11-8341-4F84-B63C-39AB3529A253}.Release_Unicode|Win32.ActiveCfg = Release9|Win32
		{91FE3C11-8341-4F84-B63C-39AB3529A253}.Release_Unicode|Win32.Build.0 = Release9|Win32
		{91FE3C11-8341-4F84-B63C-39AB3529A253}.Release|Win32.ActiveCfg = Release8|Win32
		{E0CF097B-F22D-465B-A884-D89E55BD7ECD}.Debug_Max09|Win32.ActiveCfg = Debug|Win32
		{E0CF097B-F22D-465B-A884-D89E55BD7ECD}.Debug_Max12|Win32.ActiveCfg = Debug|Win32
		{E0CF097B-F22D-465B-A884-D89E55BD7ECD}.Debug_Max8|Win32.ActiveCfg = Debug|Win32
		{E0CF097B-F22D-465B-A884-D89E55BD7ECD}.Debug_Max9|Win32.ActiveCfg = Debug|Win32
		{E0CF097B-F22D-465B-A884-D89E55BD7ECD}.Debug_MultiByte|Win32.ActiveCfg = Debug|Win32
		{E0CF097B-F22D-465B-A884-D89E55BD7ECD}.Debug_MultiByte|Win32.Build.0 = Debug|Win32
		{E0CF097B-F22D-465B-A884-D89E55BD7ECD}.Debug_Unicode|Win32.ActiveCfg = Debug|Win32
		{E0CF097B-F22D-465B-A884-D89E55BD7ECD}.Debug_Unicode|Win32.Build.0 = Debug|Win32
		{E0CF097B-F22D-465B-A884-D89E55BD7ECD}.Debug|Win32.ActiveCfg = Debug|Win32
		{E0CF097B-F22D-465B-A884-D89E55BD7ECD}.Debug|Win32.Build.0 = Debug|Win32
		{E0CF097B-F22D-465B-A884-D89E55BD7ECD}.Release_Max09|Win32.ActiveCfg = Release|Win32
		{E0CF097B-F22D-465B-A884-D89E55BD7ECD}.Release_Max12|Win32.ActiveCfg = Release|Win32
		{E0CF097B-F22D-465B-A884-D89E55BD7ECD}.Release_Max8|Win32.ActiveCfg = Release|Win32
		{E0CF097B-F22D-465B-A884-D89E55BD7ECD}.Release_Max9|Win32.ActiveCfg = Release|Win32
		{E0CF097B-F22D-465B-A884-D89E55BD7ECD}.Release_MultiByte|Win32.ActiveCfg = Release|Win32
		{E0CF097B-F22D-465B-A884-D89E55BD7ECD}.Release_MultiByte|Win32.Build.0 = Release|Win32
		{E0CF097B-F22D-465B-A884-D89E55BD7ECD}.Release_profile|Win32.ActiveCfg = Release|Win32
		{E0CF097B-F22D-465B-A884-D89E55BD7ECD}.Release_profile|Win32.Build.0 = Release|Win32
		{E0CF097B-F22D-465B-A884-D89E55BD7ECD}.Release_Unicode|Win32.ActiveCfg = Release|Win32
		{E0CF097B-F22D-465B-A884-D89E55BD7ECD}.Release_Unicode|Win32.Build.0 = Release|Win32
		{E0CF097B-F22D-465B-A884-D89E55BD7ECD}.Release|Win32.ActiveCfg = Release|Win32
		{E0CF097B-F22D-465B-A884-D89E55BD7ECD}.Release|Win32.Build.0 = Release|Win32
		{57C58469-7CDA-41A6-B9FD-B62760D5F890}.Debug_Max09|Win32.ActiveCfg = Debug|Win32
		{57C58469-7CDA-41A6-B9FD-B62760D5F890}.Debug_Max12|Win32.ActiveCfg = Debug|Win32
		{57C58469-7CDA-41A6-B9FD-B62760D5F890}.Debug_Max8|Win32.ActiveCfg = Debug|Win32
		{57C58469-7CDA-41A6-B9FD-B62760D5F890}.Debug_Max9|Win32.ActiveCfg = Debug|Win32
		{57C58469-7CDA-41A6-B9FD-B62760D5F890}.Debug_MultiByte|Win32.ActiveCfg = Debug|Win32
		{57C58469-7CDA-41A6-B9FD-B62760D5F890}.Debug_MultiByte|Win32.Build.0 = Debug|Win32
		{57C58469-7CDA-41A6-B9FD-B62760D5F890}.Debug_Unicode|Win32.ActiveCfg = Debug|Win32
		{57C58469-7CDA-41A6-B9FD-B62760D5F890}.Debug_Unicode|Win32.Build.0 = Debug|Win32
		{57C58469-7CDA-41A6-B9FD-B62760D5F890}.Debug|Win32.ActiveCfg = Debug|Win32
		{57C58469-7CDA-41A6-B9FD-B62760D5F890}.Debug|Win32.Build.0 = Debug|Win32
		{57C58469-7CDA-41A6-B9FD-B62760D5F890}.Release_Max09|Win32.ActiveCfg = Release|Win32
		{57C58469-7CDA-41A6-B9FD-B62760D5F890}.Release_Max12|Win32.ActiveCfg = Release|Win32
		{57C58469-7CDA-41A6-B9FD-B62760D5F890}.Release_Max8|Win32.ActiveCfg = Release|Win32
		{57C58469-7CDA-41A6-B9FD-B62760D5F890}.Release_Max9|Win32.ActiveCfg = Release|Win32
		{57C58469-7CDA-41A6-B9FD-B62760D5F890}.Release_MultiByte|Win32.ActiveCfg = Release|Win32
		{57C58469-7CDA-41A6-B9FD-B62760D5F890}.Release_MultiByte|Win32.Build.0 = Release|Win32
		{57C58469-7CDA-41A6-B9FD-B62760D5F890}.Release_profile|Win32.ActiveCfg = Release|Win32
		{57C58469-7CDA-41A6-B9FD-B62760D5F890}.Release_profile|Win32.Build.0 = Release|Win32
		{57C58469-7CDA-41A6-B9FD-B62760D5F890}.Release_Unicode|Win32.ActiveCfg = Release|Win32
		{57C58469-7CDA-41A6-B9FD-B62760D5F890}.Release_Unicode|Win32.Build.0 = Release|Win32
		{57C58469-7CDA-41A6-B9FD-B62760D5F890}.Release|Win32.ActiveCfg = Release|Win32
		{57C58469-7CDA-41A6-B9FD-B62760D5F890}.Release|Win32.Build.0 = Release|Win32
		{6DAAF392-7645-4124-AABB-A5ED5D96E08B}.Debug_Max09|Win32.ActiveCfg = Debug|Win32
		{6DAAF392-7645-4124-AABB-A5ED5D96E08B}.Debug_Max12|Win32.ActiveCfg = Debug|Win32
		{6DAAF392-7645-4124-AABB-A5ED5D96E08B}.Debug_Max8|Win32.ActiveCfg = Debug|Win32
		{6DAAF392-7645-4124-AABB-A5ED5D96E08B}.Debug_Max9|Win32.ActiveCfg = Debug|Win32
		{6DAAF392-7645-4124-AABB-A5ED5D96E08B}.Debug_MultiByte|Win32.ActiveCfg = Debug|Win32
		{6DAAF392-7645-4124-AABB-A5ED5D96E08B}.Debug_MultiByte|Win32.Build.0 = Debug|Win32
		{6DAAF392-7645-4124-AABB-A5ED5D96E08B}.Debug_Unicode|Win32.ActiveCfg = Debug|Win32
		{6DAAF392-7645-4124-AABB-A5ED5D96E08B}.Debug_Unicode|Win32.Build.0 = Debug|Win32
		{6DAAF392-7645-4124-AABB-A5ED5D96E08B}.Debug|Win32.ActiveCfg = Debug|Win32
		{6DAAF392-7645-4124-AABB-A5ED5D96E08B}.Debug|Win32.Build.0 = Debug|Win32
		{6DAAF392-7645-4124-AABB-A5ED5D96E08B}.Release_Max09|Win32.ActiveCfg = Release|Win32
		{6DAAF392-7645-4124-AABB-A5ED5D96E08B}.Release_Max12|Win32.ActiveCfg = Release|Win32
		{6DAAF392-7645-4124-AABB-A5ED5D96E08B}.Release_Max8|Win32.ActiveCfg = Release|Win32
		{6DAAF392-7645-4124-AABB-A5ED5D96E08B}.Release_Max9|Win32.ActiveCfg = Release|Win32
		{6DAAF392-7645-4124-AABB-A5ED5D96E08B}.Release_MultiByte|Win32.ActiveCfg = Release|Win32
		{6DAAF392-7645-4124-AABB-A5ED5D96E08B}.Release_MultiByte|Win32.Build.0 = Release|Win32
		{6DAAF392-7645-4124-AABB-A5ED5D96E08B}.Release_profile|Win32.ActiveCfg = Release|Win32
		{6DAAF392-7645-4124-AABB-A5ED5D96E08B}.Release_Unicode|Win32.ActiveCfg = Release|Win32
		{6DAAF392-7645-4124-AABB-A5ED5D96E08B}.Release_Unicode|Win32.Build.0 = Release|Win32
		{6DAAF392-7645-4124-AABB-A5ED5D96E08B}.Release|Win32.ActiveCfg = Release|Win32
		{6DAAF392-7645-4124-AABB-A5ED5D96E08B}.Release|Win32.Build.0 = Release|Win32
		{EC4AADA5-ACFC-4B24-9F29-EEBCFCC2F45E}.Debug_Max09|Win32.ActiveCfg = Debug|Win32
		{EC4AADA5-ACFC-4B24-9F29-EEBCFCC2F45E}.Debug_Max12|Win32.ActiveCfg = Debug|Win32
		{EC4AADA5-ACFC-4B24-9F29-EEBCFCC2F45E}.Debug_Max8|Win32.ActiveCfg = Debug|Win32
		{EC4AADA5-ACFC-4B24-9F29-EEBCFCC2F45E}.Debug_Max9|Win32.ActiveCfg = Debug|Win32
		{EC4AADA5-ACFC-4B24-9F29-EEBCFCC2F45E}.Debug_MultiByte|Win32.ActiveCfg = Debug|Win32
		{EC4AADA5-ACFC-4B24-9F29-EEBCFCC2F45E}.Debug_MultiByte|Win32.Build.0 = Debug|Win32
		{EC4AADA5-ACFC-4B24-9F29-EEBCFCC2F45E}.Debug_Unicode|Win32.ActiveCfg = Debug|Win32
		{EC4AADA5-ACFC-4B24-9F29-EEBCFCC2F45E}.Debug_Unicode|Win32.Build.0 = Debug|Win32
		{EC4AADA5-ACFC-4B24-9F29-EEBCFCC2F45E}.Debug|Win32.ActiveCfg = Debug|Win32
		{EC4AADA5-ACFC-4B24-9F29-EEBCFCC2F45E}.Debug|Win32.Build.0 = Debug|Win32
		{EC4AADA5-ACFC-4B24-9F29-EEBCFCC2F45E}.Release_Max09|Win32.ActiveCfg = Release|Win32
		{EC4AADA5-ACFC-4B24-9F29-EEBCFCC2F45E}.Release_Max12|Win32.ActiveCfg = Release|Win32
		{EC4AADA5-ACFC-4B24-9F29-EEBCFCC2F45E}.Release_Max8|Win32.ActiveCfg = Release|Win32
		{EC4AADA5-ACFC-4B24-9F29-EEBCFCC2F45E}.Release_Max9|Win32.ActiveCfg = Release|Win32
		{EC4AADA5-ACFC-4B24-9F29-EEBCFCC2F45E}.Release_MultiByte|Win32.ActiveCfg = Release|Win32
		{EC4AADA5-ACFC-4B24-9F29-EEBCFCC2F45E}.Release_MultiByte|Win32.Build.0 = Release|Win32
		{EC4AADA5-ACFC-4B24-9F29-EEBCFCC2F45E}.Release_profile|Win32.ActiveCfg = Release|Win32
		{EC4AADA5-ACFC-4B24-9F29-EEBCFCC2F45E}.Release_profile|Win32.Build.0 = Release|Win32
		{EC4AADA5-ACFC-4B24-9F29-EEBCFCC2F45E}.Release_Unicode|Win32.ActiveCfg = Release|Win32
		{EC4AADA5-ACFC-4B24-9F29-EEBCFCC2F45E}.Release_Unicode|Win32.Build.0 = Release|Win32
		{EC4AADA5-ACFC-4B24-9F29-EEBCFCC2F45E}.Release|Win32.ActiveCfg = Release|Win32
		{EC4AADA5-ACFC-4B24-9F29-EEBCFCC2F45E}.Release|Win32.Build.0 = Release|Win32
		{FD120204-3846-413A-915B-B638D61303EE}.Debug_Max09|Win32.ActiveCfg = Debug|Win32
		{FD120204-3846-413A-915B-B638D61303EE}.Debug_Max12|Win32.ActiveCfg = Debug|Win32
		{FD120204-3846-413A-915B-B638D61303EE}.Debug_Max8|Win32.ActiveCfg = Debug|Win32
		{FD120204-3846-413A-915B-B638D61303EE}.Debug_Max9|Win32.ActiveCfg = Debug|Win32
		{FD120204-3846-413A-915B-B638D61303EE}.Debug_MultiByte|Win32.ActiveCfg = Debug|Win32
		{FD120204-3846-413A-915B-B638D61303EE}.Debug_MultiByte|Win32.Build.0 = Debug|Win32
		{FD120204-3846-413A-915B-B638D61303EE}.Debug_Unicode|Win32.ActiveCfg = Debug|Win32
		{FD120204-3846-413A-915B-B638D61303EE}.Debug_Unicode|Win32.Build.0 = Debug|Win32
		{FD120204-3846-413A-915B-B638D61303EE}.Debug|Win32.ActiveCfg = Debug|Win32
		{FD120204-3846-413A-915B-B638D61303EE}.Debug|Win32.Build.0 = Debug|Win32
		{FD120204-3846-413A-915B-B638D61303EE}.Release_Max09|Win32.ActiveCfg = Release|Win32
		{FD120204-3846-413A-915B-B638D61303EE}.Release_Max12|Win32.ActiveCfg = Release|Win32
		{FD120204-3846-413A-915B-B638D61303EE}.Release_Max8|Win32.ActiveCfg = Release|Win32
		{FD120204-3846-413A-915B-B638D61303EE}.Release_Max9|Win32.ActiveCfg = Release|Win32
		{FD120204-3846-413A-915B-B638D61303EE}.Release_MultiByte|Win32.ActiveCfg = Release|Win32
		{FD120204-3846-413A-915B-B638D61303EE}.Release_MultiByte|Win32.Build.0 = Release|Win32
		{FD120204-3846-413A-915B-B638D61303EE}.Release_profile|Win32.ActiveCfg = Release|Win32
		{FD120204-3846-413A-915B-B638D61303EE}.Release_Unicode|Win32.ActiveCfg = Release|Win32
		{FD120204-3846-413A-915B-B638D61303EE}.Release_Unicode|Win32.Build.0 = Release|Win32
		{FD120204-3846-413A-915B-B638D61303EE}.Release|Win32.ActiveCfg = Release|Win32
		{FD120204-3846-413A-915B-B638D61303EE}.Release|Win32.Build.0 = Release|Win32
		{D3D09101-96D0-4629-88B8-122C0256058C}.Debug_Max09|Win32.ActiveCfg = Debug|Win32
		{D3D09101-96D0-4629-88B8-122C0256058C}.Debug_Max12|Win32.ActiveCfg = Debug|Win32
		{D3D09101-96D0-4629-88B8-122C0256058C}.Debug_Max8|Win32.ActiveCfg = Debug|Win32
		{D3D09101-96D0-4629-88B8-122C0256058C}.Debug_Max9|Win32.ActiveCfg = Debug|Win32
		{D3D09101-96D0-4629-88B8-122C0256058C}.Debug_MultiByte|Win32.ActiveCfg = Debug|Win32
		{D3D09101-96D0-4629-88B8-122C0256058C}.Debug_MultiByte|Win32.Build.0 = Debug|Win32
		{D3D09101-96D0-4629-88B8-122C0256058C}.Debug_Unicode|Win32.ActiveCfg = Debug|Win32
		{D3D09101-96D0-4629-88B8-122C0256058C}.Debug_Unicode|Win32.Build.0 = Debug|Win32
		{D3D09101-96D0-4629-88B8-122C0256058C}.Debug|Win32.ActiveCfg = Debug|Win32
		{D3D09101-96D0-4629-88B8-122C0256058C}.Debug|Win32.Build.0 = Debug|Win32
		{D3D09101-96D0-4629-88B8-122C0256058C}.Release_Max09|Win32.ActiveCfg = Release|Win32
		{D3D09101-96D0-4629-88B8-122C0256058C}.Release_Max12|Win32.ActiveCfg = Release|Win32
		{D3D09101-96D0-4629-88B8-122C0256058C}.Release_Max8|Win32.ActiveCfg = Release|Win32
		{D3D09101-96D0-4629-88B8-122C0256058C}.Release_Max9|Win32.ActiveCfg = Release|Win32
		{D3D09101-96D0-4629-88B8-122C0256058C}.Release_MultiByte|Win32.ActiveCfg = Release_profile|Win32
		{D3D09101-96D0-4629-88B8-122C0256058C}.Release_MultiByte|Win32.Build.0 = Release_profile|Win32
		{D3D09101-96D0-4629-88B8-122C0256058C}.Release_profile|Win32.ActiveCfg = Release_profile|Win32
		{D3D09101-96D0-4629-88B8-122C0256058C}.Release_profile|Win32.Build.0 = Release_profile|Win32
		{D3D09101-96D0-4629-88B8-122C0256058C}.Release_Unicode|Win32.ActiveCfg = Release_profile|Win32
		{D3D09101-96D0-4629-88B8-122C0256058C}.Release_Unicode|Win32.Build.0 = Release_profile|Win32
		{D3D09101-96D0-4629-88B8-122C0256058C}.Release|Win32.ActiveCfg = Release|Win32
		{D3D09101-96D0-4629-88B8-122C0256058C}.Release|Win32.Build.0 = Release|Win32
		{49648A71-0C31-4BF6-B93E-90FA1B689FCF}.Debug_Max09|Win32.ActiveCfg = Debug|Win32
		{49648A71-0C31-4BF6-B93E-90FA1B689FCF}.Debug_Max12|Win32.ActiveCfg = Debug|Win32
		{49648A71-0C31-4BF6-B93E-90FA1B689FCF}.Debug_Max8|Win32.ActiveCfg = Debug|Win32
		{49648A71-0C31-4BF6-B93E-90FA1B689FCF}.Debug_Max9|Win32.ActiveCfg = Debug|Win32
		{49648A71-0C31-4BF6-B93E-90FA1B689FCF}.Debug_MultiByte|Win32.ActiveCfg = Debug|Win32
		{49648A71-0C31-4BF6-B93E-90FA1B689FCF}.Debug_MultiByte|Win32.Build.0 = Debug|Win32
		{49648A71-0C31-4BF6-B93E-90FA1B689FCF}.Debug_Unicode|Win32.ActiveCfg = Debug|Win32
		{49648A71-0C31-4BF6-B93E-90FA1B689FCF}.Debug_Unicode|Win32.Build.0 = Debug|Win32
		{49648A71-0C31-4BF6-B93E-90FA1B689FCF}.Debug|Win32.ActiveCfg = Debug|Win32
		{49648A71-0C31-4BF6-B93E-90FA1B689FCF}.Debug|Win32.Build.0 = Debug|Win32
		{49648A71-0C31-4BF6-B93E-90FA1B689FCF}.Release_Max09|Win32.ActiveCfg = Release|Win32
		{49648A71-0C31-4BF6-B93E-90FA1B689FCF}.Release_Max12|Win32.ActiveCfg = Release|Win32
		{49648A71-0C31-4BF6-B93E-90FA1B689FCF}.Release_Max8|Win32.ActiveCfg = Release|Win32
		{49648A71-0C31-4BF6-B93E-90FA1B689FCF}.Release_Max9|Win32.ActiveCfg = Release|Win32
		{49648A71-0C31-4BF6-B93E-90FA1B689FCF}.Release_MultiByte|Win32.ActiveCfg = Release|Win32
		{49648A71-0C31-4BF6-B93E-90FA1B689FCF}.Release_MultiByte|Win32.Build.0 = Release|Win32
		{49648A71-0C31-4BF6-B93E-90FA1B689FCF}.Release_profile|Win32.ActiveCfg = Release|Win32
		{49648A71-0C31-4BF6-B93E-90FA1B689FCF}.Release_Unicode|Win32.ActiveCfg = Release|Win32
		{49648A71-0C31-4BF6-B93E-90FA1B689FCF}.Release_Unicode|Win32.Build.0 = Release|Win32
		{49648A71-0C31-4BF6-B93E-90FA1B689FCF}.Release|Win32.ActiveCfg = Release|Win32
		{49648A71-0C31-4BF6-B93E-90FA1B689FCF}.Release|Win32.Build.0 = Release|Win32
		{7AE29659-0695-48FE-AEA0-29E24236FEE0}.Debug_Max09|Win32.ActiveCfg = Debug|Win32
		{7AE29659-0695-48FE-AEA0-29E24236FEE0}.Debug_Max12|Win32.ActiveCfg = Debug|Win32
		{7AE29659-0695-48FE-AEA0-29E24236FEE0}.Debug_Max8|Win32.ActiveCfg = Debug|Win32
		{7AE29659-0695-48FE-AEA0-29E24236FEE0}.Debug_Max9|Win32.ActiveCfg = Debug|Win32
		{7AE29659-0695-48FE-AEA0-29E24236FEE0}.Debug_MultiByte|Win32.ActiveCfg = Debug|Win32
		{7AE29659-0695-48FE-AEA0-29E24236FEE0}.Debug_MultiByte|Win32.Build.0 = Debug|Win32
		{7AE29659-0695-48FE-AEA0-29E24236FEE0}.Debug_Unicode|Win32.ActiveCfg = Debug|Win32
		{7AE29659-0695-48FE-AEA0-29E24236FEE0}.Debug_Unicode|Win32.Build.0 = Debug|Win32
		{7AE29659-0695-48FE-AEA0-29E24236FEE0}.Debug|Win32.ActiveCfg = Debug|Win32
		{7AE29659-0695-48FE-AEA0-29E24236FEE0}.Debug|Win32.Build.0 = Debug|Win32
		{7AE29659-0695-48FE-AEA0-29E24236FEE0}.Release_Max09|Win32.ActiveCfg = Release|Win32
		{7AE29659-0695-48FE-AEA0-29E24236FEE0}.Release_Max12|Win32.ActiveCfg = Release|Win32
		{7AE29659-0695-48FE-AEA0-29E24236FEE0}.Release_Max8|Win32.ActiveCfg = Release|Win32
		{7AE29659-0695-48FE-AEA0-29E24236FEE0}.Release_Max9|Win32.ActiveCfg = Release|Win32
		{7AE29659-0695-48FE-AEA0-29E24236FEE0}.Release_MultiByte|Win32.ActiveCfg = Release_profile|Win32
		{7AE29659-0695-48FE-AEA0-29E24236FEE0}.Release_MultiByte|Win32.Build.0 = Release_profile|Win32
		{7AE29659-0695-48FE-AEA0-29E24236FEE0}.Release_profile|Win32.ActiveCfg = Release_profile|Win32
		{7AE29659-0695-48FE-AEA0-29E24236FEE0}.Release_Unicode|Win32.ActiveCfg = Release_profile|Win32
		{7AE29659-0695-48FE-AEA0-29E24236FEE0}.Release_Unicode|Win32.Build.0 = Release_profile|Win32
		{7AE29659-0695-48FE-AEA0-29E24236FEE0}.Release|Win32.ActiveCfg = Release|Win32
		{7AE29659-0695-48FE-AEA0-29E24236FEE0}.Release|Win32.Build.0 = Release|Win32
		{1A30BF15-A74C-48B6-9754-7953283210B7}.Debug_Max09|Win32.ActiveCfg = Debug_dll|Win32
		{1A30BF15-A74C-48B6-9754-7953283210B7}.Debug_Max12|Win32.ActiveCfg = Debug_dll|Win32
		{1A30BF15-A74C-48B6-9754-7953283210B7}.Debug_Max8|Win32.ActiveCfg = Debug_dll|Win32
		{1A30BF15-A74C-48B6-9754-7953283210B7}.Debug_Max9|Win32.ActiveCfg = Debug_dll|Win32
		{1A30BF15-A74C-48B6-9754-7953283210B7}.Debug_MultiByte|Win32.ActiveCfg = Debug_lib|Win32
		{1A30BF15-A74C-48B6-9754-7953283210B7}.Debug_MultiByte|Win32.Build.0 = Debug_lib|Win32
		{1A30BF15-A74C-48B6-9754-7953283210B7}.Debug_Unicode|Win32.ActiveCfg = Debug_lib|Win32
		{1A30BF15-A74C-48B6-9754-7953283210B7}.Debug_Unicode|Win32.Build.0 = Debug_lib|Win32
		{1A30BF15-A74C-48B6-9754-7953283210B7}.Debug|Win32.ActiveCfg = Debug_dll|Win32
		{1A30BF15-A74C-48B6-9754-7953283210B7}.Debug|Win32.Build.0 = Debug_dll|Win32
		{1A30BF15-A74C-48B6-9754-7953283210B7}.Release_Max09|Win32.ActiveCfg = Release_dll|Win32
		{1A30BF15-A74C-48B6-9754-7953283210B7}.Release_Max12|Win32.ActiveCfg = Release_dll|Win32
		{1A30BF15-A74C-48B6-9754-7953283210B7}.Release_Max8|Win32.ActiveCfg = Release_dll|Win32
		{1A30BF15-A74C-48B6-9754-7953283210B7}.Release_Max9|Win32.ActiveCfg = Release_dll|Win32
		{1A30BF15-A74C-48B6-9754-7953283210B7}.Release_MultiByte|Win32.ActiveCfg = Release_lib|Win32
		{1A30BF15-A74C-48B6-9754-7953283210B7}.Release_MultiByte|Win32.Build.0 = Release_lib|Win32
		{1A30BF15-A74C-48B6-9754-7953283210B7}.Release_profile|Win32.ActiveCfg = Release_dll_profile|Win32
		{1A30BF15-A74C-48B6-9754-7953283210B7}.Release_profile|Win32.Build.0 = Release_dll_profile|Win32
		{1A30BF15-A74C-48B6-9754-7953283210B7}.Release_Unicode|Win32.ActiveCfg = Release_lib|Win32
		{1A30BF15-A74C-48B6-9754-7953283210B7}.Release_Unicode|Win32.Build.0 = Release_lib|Win32
		{1A30BF15-A74C-48B6-9754-7953283210B7}.Release|Win32.ActiveCfg = Release_dll|Win32
		{1A30BF15-A74C-48B6-9754-7953283210B7}.Release|Win32.Build.0 = Release_dll|Win32
		{E2C3D01D-CE97-489C-BC30-CEAA70E72873}.Debug_Max09|Win32.ActiveCfg = Debug|Win32
		{E2C3D01D-CE97-489C-BC30-CEAA70E72873}.Debug_Max12|Win32.ActiveCfg = Debug|Win32
		{E2C3D01D-CE97-489C-BC30-CEAA70E72873}.Debug_Max8|Win32.ActiveCfg = Debug|Win32
		{E2C3D01D-CE97-489C-BC30-CEAA70E72873}.Debug_Max9|Win32.ActiveCfg = Debug|Win32
		{E2C3D01D-CE97-489C-BC30-CEAA70E72873}.Debug_MultiByte|Win32.ActiveCfg = Debug|Win32
		{E2C3D01D-CE97-489C-BC30-CEAA70E72873}.Debug_MultiByte|Win32.Build.0 = Debug|Win32
		{E2C3D01D-CE97-489C-BC30-CEAA70E72873}.Debug_Unicode|Win32.ActiveCfg = Debug|Win32
		{E2C3D01D-CE97-489C-BC30-CEAA70E72873}.Debug_Unicode|Win32.Build.0 = Debug|Win32
		{E2C3D01D-CE97-489C-BC30-CEAA70E72873}.Debug|Win32.ActiveCfg = Debug|Win32
		{E2C3D01D-CE97-489C-BC30-CEAA70E72873}.Debug|Win32.Build.0 = Debug|Win32
		{E2C3D01D-CE97-489C-BC30-CEAA70E72873}.Release_Max09|Win32.ActiveCfg = Release|Win32
		{E2C3D01D-CE97-489C-BC30-CEAA70E72873}.Release_Max12|Win32.ActiveCfg = Release|Win32
		{E2C3D01D-CE97-489C-BC30-CEAA70E72873}.Release_Max8|Win32.ActiveCfg = Release|Win32
		{E2C3D01D-CE97-489C-BC30-CEAA70E72873}.Release_Max9|Win32.ActiveCfg = Release|Win32
		{E2C3D01D-CE97-489C-BC30-CEAA70E72873}.Release_MultiByte|Win32.ActiveCfg = Release_profile|Win32
		{E2C3D01D-CE97-489C-BC30-CEAA70E72873}.Release_MultiByte|Win32.Build.0 = Release_profile|Win32
		{E2C3D01D-CE97-489C-BC30-CEAA70E72873}.Release_profile|Win32.ActiveCfg = Release_profile|Win32
		{E2C3D01D-CE97-489C-BC30-CEAA70E72873}.Release_profile|Win32.Build.0 = Release_profile|Win32
		{E2C3D01D-CE97-489C-BC30-CEAA70E72873}.Release_Unicode|Win32.ActiveCfg = Release_profile|Win32
		{E2C3D01D-CE97-489C-BC30-CEAA70E72873}.Release_Unicode|Win32.Build.0 = Release_profile|Win32
		{E2C3D01D-CE97-489C-BC30-CEAA70E72873}.Release|Win32.ActiveCfg = Release|Win32
		{E2C3D01D-CE97-489C-BC30-CEAA70E72873}.Release|Win32.Build.0 = Release|Win32
		{05B750AE-285E-44BB-BADB-8B500A5D5731}.Debug_Max09|Win32.ActiveCfg = Debug|Win32
		{05B750AE-285E-44BB-BADB-8B500A5D5731}.Debug_Max12|Win32.ActiveCfg = Debug|Win32
		{05B750AE-285E-44BB-BADB-8B500A5D5731}.Debug_Max8|Win32.ActiveCfg = Debug|Win32
		{05B750AE-285E-44BB-BADB-8B500A5D5731}.Debug_Max9|Win32.ActiveCfg = Debug|Win32
		{05B750AE-285E-44BB-BADB-8B500A5D5731}.Debug_MultiByte|Win32.ActiveCfg = Debug|Win32
		{05B750AE-285E-44BB-BADB-8B500A5D5731}.Debug_MultiByte|Win32.Build.0 = Debug|Win32
		{05B750AE-285E-44BB-BADB-8B500A5D5731}.Debug_Unicode|Win32.ActiveCfg = Debug|Win32
		{05B750AE-285E-44BB-BADB-8B500A5D5731}.Debug_Unicode|Win32.Build.0 = Debug|Win32
		{05B750AE-285E-44BB-BADB-8B500A5D5731}.Debug|Win32.ActiveCfg = Debug|Win32
		{05B750AE-285E-44BB-BADB-8B500A5D5731}.Debug|Win32.Build.0 = Debug|Win32
		{05B750AE-285E-44BB-BADB-8B500A5D5731}.Release_Max09|Win32.ActiveCfg = Release|Win32
		{05B750AE-285E-44BB-BADB-8B500A5D5731}.Release_Max12|Win32.ActiveCfg = Release|Win32
		{05B750AE-285E-44BB-BADB-8B500A5D5731}.Release_Max8|Win32.ActiveCfg = Release|Win32
		{05B750AE-285E-44BB-BADB-8B500A5D5731}.Release_Max9|Win32.ActiveCfg = Release|Win32
		{05B750AE-285E-44BB-BADB-8B500A5D5731}.Release_MultiByte|Win32.ActiveCfg = Release_profile|Win32
		{05B750AE-285E-44BB-BADB-8B500A5D5731}.Release_MultiByte|Win32.Build.0 = Release_profile|Win32
		{05B750AE-285E-44BB-BADB-8B500A5D5731}.Release_profile|Win32.ActiveCfg = Release_profile|Win32
		{05B750AE-285E-44BB-BADB-8B500A5D5731}.Release_Unicode|Win32.ActiveCfg = Release_profile|Win32
		{05B750AE-285E-44BB-BADB-8B500A5D5731}.Release_Unicode|Win32.Build.0 = Release_profile|Win32
		{05B750AE-285E-44BB-BADB-8B500A5D5731}.Release|Win32.ActiveCfg = Release|Win32
		{05B750AE-285E-44BB-BADB-8B500A5D5731}.Release|Win32.Build.0 = Release|Win32
		{639A138C-1AC1-4985-9D92-A5568B04AF90}.Debug_Max09|Win32.ActiveCfg = Debug|Win32
		{639A138C-1AC1-4985-9D92-A5568B04AF90}.Debug_Max12|Win32.ActiveCfg = Debug|Win32
		{639A138C-1AC1-4985-9D92-A5568B04AF90}.Debug_Max8|Win32.ActiveCfg = Debug|Win32
		{639A138C-1AC1-4985-9D92-A5568B04AF90}.Debug_Max9|Win32.ActiveCfg = Debug|Win32
		{639A138C-1AC1-4985-9D92-A5568B04AF90}.Debug_MultiByte|Win32.ActiveCfg = Debug|Win32
		{639A138C-1AC1-4985-9D92-A5568B04AF90}.Debug_MultiByte|Win32.Build.0 = Debug|Win32
		{639A138C-1AC1-4985-9D92-A5568B04AF90}.Debug_Unicode|Win32.ActiveCfg = Debug|Win32
		{639A138C-1AC1-4985-9D92-A5568B04AF90}.Debug_Unicode|Win32.Build.0 = Debug|Win32
		{639A138C-1AC1-4985-9D92-A5568B04AF90}.Debug|Win32.ActiveCfg = Debug|Win32
		{639A138C-1AC1-4985-9D92-A5568B04AF90}.Debug|Win32.Build.0 = Debug|Win32
		{639A138C-1AC1-4985-9D92-A5568B04AF90}.Release_Max09|Win32.ActiveCfg = Release|Win32
		{639A138C-1AC1-4985-9D92-A5568B04AF90}.Release_Max12|Win32.ActiveCfg = Release|Win32
		{639A138C-1AC1-4985-9D92-A5568B04AF90}.Release_Max8|Win32.ActiveCfg = Release|Win32
		{639A138C-1AC1-4985-9D92-A5568B04AF90}.Release_Max9|Win32.ActiveCfg = Release|Win32
		{639A138C-1AC1-4985-9D92-A5568B04AF90}.Release_MultiByte|Win32.ActiveCfg = Release_profile|Win32
		{639A138C-1AC1-4985-9D92-A5568B04AF90}.Release_MultiByte|Win32.Build.0 = Release_profile|Win32
		{639A138C-1AC1-4985-9D92-A5568B04AF90}.Release_profile|Win32.ActiveCfg = Release_profile|Win32
		{639A138C-1AC1-4985-9D92-A5568B04AF90}.Release_Unicode|Win32.ActiveCfg = Release_profile|Win32
		{639A138C-1AC1-4985-9D92-A5568B04AF90}.Release_Unicode|Win32.Build.0 = Release_profile|Win32
		{639A138C-1AC1-4985-9D92-A5568B04AF90}.Release|Win32.ActiveCfg = Release|Win32
		{639A138C-1AC1-4985-9D92-A5568B04AF90}.Release|Win32.Build.0 = Release|Win32
		{60D2A067-E291-4245-808A-126F15D13AA1}.Debug_Max09|Win32.ActiveCfg = Debug|Win32
		{60D2A067-E291-4245-808A-126F15D13AA1}.Debug_Max12|Win32.ActiveCfg = Debug|Win32
		{60D2A067-E291-4245-808A-126F15D13AA1}.Debug_Max8|Win32.ActiveCfg = Debug|Win32
		{60D2A067-E291-4245-808A-126F15D13AA1}.Debug_Max9|Win32.ActiveCfg = Debug|Win32
		{60D2A067-E291-4245-808A-126F15D13AA1}.Debug_MultiByte|Win32.ActiveCfg = Debug|Win32
		{60D2A067-E291-4245-808A-126F15D13AA1}.Debug_MultiByte|Win32.Build.0 = Debug|Win32
		{60D2A067-E291-4245-808A-126F15D13AA1}.Debug_Unicode|Win32.ActiveCfg = Debug|Win32
		{60D2A067-E291-4245-808A-126F15D13AA1}.Debug_Unicode|Win32.Build.0 = Debug|Win32
		{60D2A067-E291-4245-808A-126F15D13AA1}.Debug|Win32.ActiveCfg = Debug|Win32
		{60D2A067-E291-4245-808A-126F15D13AA1}.Debug|Win32.Build.0 = Debug|Win32
		{60D2A067-E291-4245-808A-126F15D13AA1}.Release_Max09|Win32.ActiveCfg = Release|Win32
		{60D2A067-E291-4245-808A-126F15D13AA1}.Release_Max12|Win32.ActiveCfg = Release|Win32
		{60D2A067-E291-4245-808A-126F15D13AA1}.Release_Max8|Win32.ActiveCfg = Release|Win32
		{60D2A067-E291-4245-808A-126F15D13AA1}.Release_Max9|Win32.ActiveCfg = Release|Win32
		{60D2A067-E291-4245-808A-126F15D13AA1}.Release_MultiByte|Win32.ActiveCfg = Release_profile|Win32
		{60D2A067-E291-4245-808A-126F15D13AA1}.Release_MultiByte|Win32.Build.0 = Release_profile|Win32
		{60D2A067-E291-4245-808A-126F15D13AA1}.Release_profile|Win32.ActiveCfg = Release_profile|Win32
		{60D2A067-E291-4245-808A-126F15D13AA1}.Release_profile|Win32.Build.0 = Release_profile|Win32
		{60D2A067-E291-4245-808A-126F15D13AA1}.Release_Unicode|Win32.ActiveCfg = Release_profile|Win32
		{60D2A067-E291-4245-808A-126F15D13AA1}.Release_Unicode|Win32.Build.0 = Release_profile|Win32
		{60D2A067-E291-4245-808A-126F15D13AA1}.Release|Win32.ActiveCfg = Release|Win32
		{60D2A067-E291-4245-808A-126F15D13AA1}.Release|Win32.Build.0 = Release|Win32
		{E8C8DAB6-62A3-46E1-B85E-66F6D090F774}.Debug_Max09|Win32.ActiveCfg = Debug|Win32
		{E8C8DAB6-62A3-46E1-B85E-66F6D090F774}.Debug_Max12|Win32.ActiveCfg = Debug|Win32
		{E8C8DAB6-62A3-46E1-B85E-66F6D090F774}.Debug_Max8|Win32.ActiveCfg = Debug|Win32
		{E8C8DAB6-62A3-46E1-B85E-66F6D090F774}.Debug_Max9|Win32.ActiveCfg = Debug|Win32
		{E8C8DAB6-62A3-46E1-B85E-66F6D090F774}.Debug_MultiByte|Win32.ActiveCfg = Debug|Win32
		{E8C8DAB6-62A3-46E1-B85E-66F6D090F774}.Debug_Unicode|Win32.ActiveCfg = Debug|Win32
		{E8C8DAB6-62A3-46E1-B85E-66F6D090F774}.Debug|Win32.ActiveCfg = Debug|Win32
		{E8C8DAB6-62A3-46E1-B85E-66F6D090F774}.Release_Max09|Win32.ActiveCfg = Release|Win32
		{E8C8DAB6-62A3-46E1-B85E-66F6D090F774}.Release_Max12|Win32.ActiveCfg = Release|Win32
		{E8C8DAB6-62A3-46E1-B85E-66F6D090F774}.Release_Max8|Win32.ActiveCfg = Release|Win32
		{E8C8DAB6-62A3-46E1-B85E-66F6D090F774}.Release_Max9|Win32.ActiveCfg = Release|Win32
		{E8C8DAB6-62A3-46E1-B85E-66F6D090F774}.Release_MultiByte|Win32.ActiveCfg = Release_profile|Win32
		{E8C8DAB6-62A3-46E1-B85E-66F6D090F774}.Release_profile|Win32.ActiveCfg = Release_profile|Win32
		{E8C8DAB6-62A3-46E1-B85E-66F6D090F774}.Release_Unicode|Win32.ActiveCfg = Release_profile|Win32
		{E8C8DAB6-62A3-46E1-B85E-66F6D090F774}.Release_Unicode|Win32.Build.0 = Release_profile|Win32
		{E8C8DAB6-62A3-46E1-B85E-66F6D090F774}.Release|Win32.ActiveCfg = Release|Win32
		{F0F1EB26-0F64-4657-8BE9-37AE14F6DFD2}.Debug_Max09|Win32.ActiveCfg = Debug|Win32
		{F0F1EB26-0F64-4657-8BE9-37AE14F6DFD2}.Debug_Max12|Win32.ActiveCfg = Debug|Win32
		{F0F1EB26-0F64-4657-8BE9-37AE14F6DFD2}.Debug_Max8|Win32.ActiveCfg = Debug|Win32
		{F0F1EB26-0F64-4657-8BE9-37AE14F6DFD2}.Debug_Max9|Win32.ActiveCfg = Debug|Win32
		{F0F1EB26-0F64-4657-8BE9-37AE14F6DFD2}.Debug_MultiByte|Win32.ActiveCfg = Debug|Win32
		{F0F1EB26-0F64-4657-8BE9-37AE14F6DFD2}.Debug_MultiByte|Win32.Build.0 = Debug|Win32
		{F0F1EB26-0F64-4657-8BE9-37AE14F6DFD2}.Debug_Unicode|Win32.ActiveCfg = Debug|Win32
		{F0F1EB26-0F64-4657-8BE9-37AE14F6DFD2}.Debug_Unicode|Win32.Build.0 = Debug|Win32
		{F0F1EB26-0F64-4657-8BE9-37AE14F6DFD2}.Debug|Win32.ActiveCfg = Debug|Win32
		{F0F1EB26-0F64-4657-8BE9-37AE14F6DFD2}.Debug|Win32.Build.0 = Debug|Win32
		{F0F1EB26-0F64-4657-8BE9-37AE14F6DFD2}.Release_Max09|Win32.ActiveCfg = Release|Win32
		{F0F1EB26-0F64-4657-8BE9-37AE14F6DFD2}.Release_Max12|Win32.ActiveCfg = Release|Win32
		{F0F1EB26-0F64-4657-8BE9-37AE14F6DFD2}.Release_Max8|Win32.ActiveCfg = Release|Win32
		{F0F1EB26-0F64-4657-8BE9-37AE14F6DFD2}.Release_Max9|Win32.ActiveCfg = Release|Win32
		{F0F1EB26-0F64-4657-8BE9-37AE14F6DFD2}.Release_MultiByte|Win32.ActiveCfg = Release_Profile|Win32
		{F0F1EB26-0F64-4657-8BE9-37AE14F6DFD2}.Release_MultiByte|Win32.Build.0 = Release_Profile|Win32
		{F0F1EB26-0F64-4657-8BE9-37AE14F6DFD2}.Release_profile|Win32.ActiveCfg = Release_Profile|Win32
		{F0F1EB26-0F64-4657-8BE9-37AE14F6DFD2}.Release_profile|Win32.Build.0 = Release_Profile|Win32
		{F0F1EB26-0F64-4657-8BE9-37AE14F6DFD2}.Release_Unicode|Win32.ActiveCfg = Release_Profile|Win32
		{F0F1EB26-0F64-4657-8BE9-37AE14F6DFD2}.Release_Unicode|Win32.Build.0 = Release_Profile|Win32
		{F0F1EB26-0F64-4657-8BE9-37AE14F6DFD2}.Release|Win32.ActiveCfg = Release|Win32
		{F0F1EB26-0F64-4657-8BE9-37AE14F6DFD2}.Release|Win32.Build.0 = Release|Win32
		{1201FB93-5F9A-48BC-8E32-5420881715A7}.Debug_Max09|Win32.ActiveCfg = Debug_Unicode|Win32
		{1201FB93-5F9A-48BC-8E32-5420881715A7}.Debug_Max09|Win32.Build.0 = Debug_Unicode|Win32
		{1201FB93-5F9A-48BC-8E32-5420881715A7}.Debug_Max12|Win32.ActiveCfg = Debug_Unicode|Win32
		{1201FB93-5F9A-48BC-8E32-5420881715A7}.Debug_Max12|Win32.Build.0 = Debug_Unicode|Win32
		{1201FB93-5F9A-48BC-8E32-5420881715A7}.Debug_Max8|Win32.ActiveCfg = Debug_Unicode|Win32
		{1201FB93-5F9A-48BC-8E32-5420881715A7}.Debug_Max8|Win32.Build.0 = Debug_Unicode|Win32
		{1201FB93-5F9A-48BC-8E32-5420881715A7}.Debug_Max9|Win32.ActiveCfg = Debug_Unicode|Win32
		{1201FB93-5F9A-48BC-8E32-5420881715A7}.Debug_Max9|Win32.Build.0 = Debug_Unicode|Win32
		{1201FB93-5F9A-48BC-8E32-5420881715A7}.Debug_MultiByte|Win32.ActiveCfg = Debug_MultiByte|Win32
		{1201FB93-5F9A-48BC-8E32-5420881715A7}.Debug_MultiByte|Win32.Build.0 = Debug_MultiByte|Win32
		{1201FB93-5F9A-48BC-8E32-5420881715A7}.Debug_Unicode|Win32.ActiveCfg = Debug_Unicode|Win32
		{1201FB93-5F9A-48BC-8E32-5420881715A7}.Debug_Unicode|Win32.Build.0 = Debug_Unicode|Win32
		{1201FB93-5F9A-48BC-8E32-5420881715A7}.Debug|Win32.ActiveCfg = Debug_Unicode|Win32
		{1201FB93-5F9A-48BC-8E32-5420881715A7}.Debug|Win32.Build.0 = Debug_Unicode|Win32
		{1201FB93-5F9A-48BC-8E32-5420881715A7}.Release_Max09|Win32.ActiveCfg = Release_Unicode|Win32
		{1201FB93-5F9A-48BC-8E32-5420881715A7}.Release_Max09|Win32.Build.0 = Release_Unicode|Win32
		{1201FB93-5F9A-48BC-8E32-5420881715A7}.Release_Max12|Win32.ActiveCfg = Release_Unicode|Win32
		{1201FB93-5F9A-48BC-8E32-5420881715A7}.Release_Max12|Win32.Build.0 = Release_Unicode|Win32
		{1201FB93-5F9A-48BC-8E32-5420881715A7}.Release_Max8|Win32.ActiveCfg = Release_Unicode|Win32
		{1201FB93-5F9A-48BC-8E32-5420881715A7}.Release_Max8|Win32.Build.0 = Release_Unicode|Win32
		{1201FB93-5F9A-48BC-8E32-5420881715A7}.Release_Max9|Win32.ActiveCfg = Release_Unicode|Win32
		{1201FB93-5F9A-48BC-8E32-5420881715A7}.Release_Max9|Win32.Build.0 = Release_Unicode|Win32
		{1201FB93-5F9A-48BC-8E32-5420881715A7}.Release_MultiByte|Win32.ActiveCfg = Release_MultiByte|Win32
		{1201FB93-5F9A-48BC-8E32-5420881715A7}.Release_MultiByte|Win32.Build.0 = Release_MultiByte|Win32
		{1201FB93-5F9A-48BC-8E32-5420881715A7}.Release_profile|Win32.ActiveCfg = Release_Unicode|Win32
		{1201FB93-5F9A-48BC-8E32-5420881715A7}.Release_profile|Win32.Build.0 = Release_Unicode|Win32
		{1201FB93-5F9A-48BC-8E32-5420881715A7}.Release_Unicode|Win32.ActiveCfg = Release_Unicode|Win32
		{1201FB93-5F9A-48BC-8E32-5420881715A7}.Release_Unicode|Win32.Build.0 = Release_Unicode|Win32
		{1201FB93-5F9A-48BC-8E32-5420881715A7}.Release|Win32.ActiveCfg = Release_Unicode|Win32
		{1201FB93-5F9A-48BC-8E32-5420881715A7}.Release|Win32.Build.0 = Release_Unicode|Win32
	EndGlobalSection
	GlobalSection(SolutionProperties) = preSolution
		HideSolutionNode = FALSE
	EndGlobalSection
	GlobalSection(NestedProjects) = preSolution
		{C2EA8B21-A395-4B0C-AAFF-82F110350786} = {CD978CDD-D84A-4166-9224-8F605C3E401D}
		{FD120204-3846-413A-915B-B638D61303EE} = {CD978CDD-D84A-4166-9224-8F605C3E401D}
		{D3D09101-96D0-4629-88B8-122C0256058C} = {CD978CDD-D84A-4166-9224-8F605C3E401D}
		{49648A71-0C31-4BF6-B93E-90FA1B689FCF} = {CD978CDD-D84A-4166-9224-8F605C3E401D}
		{7AE29659-0695-48FE-AEA0-29E24236FEE0} = {CD978CDD-D84A-4166-9224-8F605C3E401D}
		{05B750AE-285E-44BB-BADB-8B500A5D5731} = {CD978CDD-D84A-4166-9224-8F605C3E401D}
		{639A138C-1AC1-4985-9D92-A5568B04AF90} = {CD978CDD-D84A-4166-9224-8F605C3E401D}
		{60D2A067-E291-4245-808A-126F15D13AA1} = {CD978CDD-D84A-4166-9224-8F605C3E401D}
		{E8C8DAB6-62A3-46E1-B85E-66F6D090F774} = {CD978CDD-D84A-4166-9224-8F605C3E401D}
		{EC4AADA5-ACFC-4B24-9F29-EEBCFCC2F45E} = {37E1F653-4BC8-45B0-A929-85A9DCB5A20D}
		{1A30BF15-A74C-48B6-9754-7953283210B7} = {37E1F653-4BC8-45B0-A929-85A9DCB5A20D}
		{1201FB93-5F9A-48BC-8E32-5420881715A7} = {37E1F653-4BC8-45B0-A929-85A9DCB5A20D}
		{91FE3C11-8341-4F84-B63C-39AB3529A253} = {6493D905-E30D-4807-8756-49232E3889CF}
		{6DAAF392-7645-4124-AABB-A5ED5D96E08B} = {6493D905-E30D-4807-8756-49232E3889CF}
		{E2C3D01D-CE97-489C-BC30-CEAA70E72873} = {6493D905-E30D-4807-8756-49232E3889CF}
		{57C58469-7CDA-41A6-B9FD-B62760D5F890} = {C2EA8B21-A395-4B0C-AAFF-82F110350786}
		{E0CF097B-F22D-465B-A884-D89E55BD7ECD} = {C2EA8B21-A395-4B0C-AAFF-82F110350786}
		{F0F1EB26-0F64-4657-8BE9-37AE14F6DFD2} = {C2EA8B21-A395-4B0C-AAFF-82F110350786}
	EndGlobalSection
EndGlobal
